{
  "name": "EDTVelizy",
  "lockfileVersion": 3,
  "requires": true,
  "packages": {
    "": {
      "dependencies": {
        "@schedule-x/event-modal": "^1.63.0",
        "@schedule-x/events-service": "^1.63.0",
        "@schedule-x/react": "^1.62.0",
        "@schedule-x/theme-default": "^1.63.0",
        "he": "^1.2.0",
        "next-nprogress-bar": "^2.3.13"
      }
    },
    "node_modules/@preact/signals": {
      "version": "1.3.0",
      "resolved": "https://registry.npmjs.org/@preact/signals/-/signals-1.3.0.tgz",
      "integrity": "sha512-EOMeg42SlLS72dhoq6Vjq08havnLseWmPQ8A0YsgIAqMgWgx7V1a39+Pxo6i7SY5NwJtH4849JogFq3M67AzWg==",
      "license": "MIT",
      "peer": true,
      "dependencies": {
        "@preact/signals-core": "^1.7.0"
      },
      "funding": {
        "type": "opencollective",
        "url": "https://opencollective.com/preact"
      },
      "peerDependencies": {
        "preact": "10.x"
      }
    },
    "node_modules/@preact/signals-core": {
      "version": "1.8.0",
      "resolved": "https://registry.npmjs.org/@preact/signals-core/-/signals-core-1.8.0.tgz",
      "integrity": "sha512-OBvUsRZqNmjzCZXWLxkZfhcgT+Fk8DDcT/8vD6a1xhDemodyy87UJRJfASMuSD8FaAIeGgGm85ydXhm7lr4fyA==",
      "license": "MIT",
      "peer": true,
      "funding": {
        "type": "opencollective",
        "url": "https://opencollective.com/preact"
      }
    },
    "node_modules/@schedule-x/calendar": {
      "version": "1.63.0",
      "resolved": "https://registry.npmjs.org/@schedule-x/calendar/-/calendar-1.63.0.tgz",
      "integrity": "sha512-bxDlY0JfkUp7A+2tIRR2Me8I8AX52qDh+Muib8cdeRs+Mle4uHnMs2D/Uhtz7yFY8epNl19NubLJ3kIstaFrFA==",
      "license": "MIT",
      "peer": true,
      "peerDependencies": {
        "@preact/signals": "^1.1.5",
        "preact": "^10.19.2"
      }
    },
    "node_modules/@schedule-x/event-modal": {
      "version": "1.63.0",
      "resolved": "https://registry.npmjs.org/@schedule-x/event-modal/-/event-modal-1.63.0.tgz",
      "integrity": "sha512-VIQk1IQix5DbaOmf23eBMrJXA0Qvcwx+SzE69DzwQz39S0O7wGwxBeCJr2dpZ4TQfozBAPK9Y17EQJZCL11Yig==",
      "license": "MIT",
      "peerDependencies": {
        "@preact/signals": "^1.1.5",
        "preact": "^10.19.2"
      }
    },
    "node_modules/@schedule-x/events-service": {
      "version": "1.63.0",
      "resolved": "https://registry.npmjs.org/@schedule-x/events-service/-/events-service-1.63.0.tgz",
      "integrity": "sha512-f9NJyRqqhIEKywKtam+OnTQ/uKHwk63QAItWUAZ9PWbINTtYRXYyJo+682DUhU5t8KZiGMwbf3TcmRMZC2Ns3w==",
      "license": "MIT"
    },
    "node_modules/@schedule-x/react": {
      "version": "1.62.0",
      "resolved": "https://registry.npmjs.org/@schedule-x/react/-/react-1.62.0.tgz",
      "integrity": "sha512-o6hassmxrKYGkLa2tIK8QqNXClPxmDIXGnw+5J7HO/3RZngRbe24I7fPmyIRT1glua2zDhF69hHvqVZJT4XyHQ==",
      "license": "MIT",
      "peerDependencies": {
        "@schedule-x/calendar": "^1.62.0",
        "react": "^16.7.0 || ^17 || ^18",
        "react-dom": "^16.7.0 || ^17 || ^18"
      }
    },
    "node_modules/@schedule-x/theme-default": {
      "version": "1.63.0",
      "resolved": "https://registry.npmjs.org/@schedule-x/theme-default/-/theme-default-1.63.0.tgz",
      "integrity": "sha512-VsYv5dtUh76ej6PnXPR9x1rX5eMirwMxhBYvEPqRTCblLFndIKBKigiqSlOijKQjnJP25xy5hPKCJ8QgK0TpdA==",
      "license": "MIT",
      "workspaces": [
        "packages/*"
      ]
    },
    "node_modules/he": {
      "version": "1.2.0",
      "resolved": "https://registry.npmjs.org/he/-/he-1.2.0.tgz",
      "integrity": "sha512-F/1DnUGPopORZi0ni+CvrCgHQ5FyEAHRLSApuYWMmrbSwoN2Mn/7k+Gl38gJnR7yyDZk6WLXwiGod1JOWNDKGw==",
      "license": "MIT",
      "bin": {
        "he": "bin/he"
      }
    },
    "node_modules/js-tokens": {
      "version": "4.0.0",
      "resolved": "https://registry.npmjs.org/js-tokens/-/js-tokens-4.0.0.tgz",
      "integrity": "sha512-RdJUflcE3cUzKiMqQgsCu06FPu9UdIJO0beYbPhHN4k6apgJtifcoCtT9bcxOpYBtpD2kCM6Sbzg4CausW/PKQ==",
      "license": "MIT",
      "peer": true
    },
    "node_modules/loose-envify": {
      "version": "1.4.0",
      "resolved": "https://registry.npmjs.org/loose-envify/-/loose-envify-1.4.0.tgz",
      "integrity": "sha512-lyuxPGr/Wfhrlem2CL/UcnUc1zcqKAImBDzukY7Y5F/yQiNdko6+fRLevlw1HgMySw7f611UIY408EtxRSoK3Q==",
      "license": "MIT",
      "peer": true,
      "dependencies": {
        "js-tokens": "^3.0.0 || ^4.0.0"
      },
      "bin": {
        "loose-envify": "cli.js"
      }
    },
    "node_modules/next-nprogress-bar": {
      "version": "2.3.13",
      "resolved": "https://registry.npmjs.org/next-nprogress-bar/-/next-nprogress-bar-2.3.13.tgz",
      "integrity": "sha512-eJQDvPSUwZ2yRyNKqAH6xTFI4RtIFvs+qtY8essTtfooyaxLGmkanEO7vL83U166bullMtVpixD6FQk5SQkhMw==",
      "license": "MIT",
      "dependencies": {
        "nprogress": "^0.2.0"
      }
    },
    "node_modules/nprogress": {
      "version": "0.2.0",
      "resolved": "https://registry.npmjs.org/nprogress/-/nprogress-0.2.0.tgz",
      "integrity": "sha512-I19aIingLgR1fmhftnbWWO3dXc0hSxqHQHQb3H8m+K3TnEn/iSeTZZOyvKXWqQESMwuUVnatlCnZdLBZZt2VSA==",
      "license": "MIT"
    },
    "node_modules/preact": {
      "version": "10.23.2",
      "resolved": "https://registry.npmjs.org/preact/-/preact-10.23.2.tgz",
      "integrity": "sha512-kKYfePf9rzKnxOAKDpsWhg/ysrHPqT+yQ7UW4JjdnqjFIeNUnNcEJvhuA8fDenxAGWzUqtd51DfVg7xp/8T9NA==",
      "license": "MIT",
      "peer": true,
      "funding": {
        "type": "opencollective",
        "url": "https://opencollective.com/preact"
      }
    },
    "node_modules/react": {
      "version": "18.3.1",
      "resolved": "https://registry.npmjs.org/react/-/react-18.3.1.tgz",
      "integrity": "sha512-wS+hAgJShR0KhEvPJArfuPVN1+Hz1t0Y6n5jLrGQbkb4urgPE/0Rve+1kMB1v/oWgHgm4WIcV+i7F2pTVj+2iQ==",
      "license": "MIT",
      "peer": true,
      "dependencies": {
        "loose-envify": "^1.1.0"
      },
      "engines": {
        "node": ">=0.10.0"
      }
    },
    "node_modules/react-dom": {
      "version": "18.3.1",
      "resolved": "https://registry.npmjs.org/react-dom/-/react-dom-18.3.1.tgz",
      "integrity": "sha512-5m4nQKp+rZRb09LNH59GM4BxTh9251/ylbKIbpe7TpGxfJ+9kv6BLkLBXIjjspbgbnIBNqlI23tRnTWT0snUIw==",
      "license": "MIT",
      "peer": true,
      "dependencies": {
        "loose-envify": "^1.1.0",
        "scheduler": "^0.23.2"
      },
      "peerDependencies": {
        "react": "^18.3.1"
      }
    },
    "node_modules/scheduler": {
      "version": "0.23.2",
      "resolved": "https://registry.npmjs.org/scheduler/-/scheduler-0.23.2.tgz",
      "integrity": "sha512-UOShsPwz7NrMUqhR6t0hWjFduvOzbtv7toDH1/hIrfRNIDBnnBWd0CwJTGvTpngVlmwGCdP9/Zl/tVrDqcuYzQ==",
      "license": "MIT",
      "peer": true,
      "dependencies": {
        "loose-envify": "^1.1.0"
      }
    }
  }
}
